
Microsoft Visual Studio Solution File, Format Version 12.00
# Visual Studio Version 17
VisualStudioVersion = 17.3.32825.248
MinimumVisualStudioVersion = 10.0.40219.1
Project("{9A19103F-16F7-4668-BE54-9A1E7A4F7556}") = "HermesWebAssembly.Server", "HermesWebAssembly\Server\HermesWebAssembly.Server.csproj", "{BC5B6D7A-B741-4916-A080-02623F21B373}"
EndProject
Project("{9A19103F-16F7-4668-BE54-9A1E7A4F7556}") = "HermesWebAssembly.Client", "HermesWebAssembly\Client\HermesWebAssembly.Client.csproj", "{B17B173A-894F-4EF2-AE68-91C941E4EA80}"
EndProject
Project("{9A19103F-16F7-4668-BE54-9A1E7A4F7556}") = "HermesWebAssembly.Shared", "HermesWebAssembly\Shared\HermesWebAssembly.Shared.csproj", "{75525577-058B-40E0-9037-11039D19F48F}"
EndProject
Project("{2150E333-8FDC-42A3-9474-1A3956D46DE8}") = "WebAssembly", "WebAssembly", "{42397A62-4117-410B-95EE-319E5AC14D39}"
EndProject
Project("{2150E333-8FDC-42A3-9474-1A3956D46DE8}") = "BlazorServer", "BlazorServer", "{81E4C2F5-A1FA-42D5-9BEA-04E04B0BD426}"
EndProject
Project("{2150E333-8FDC-42A3-9474-1A3956D46DE8}") = "_Shared", "_Shared", "{55D1C344-5C24-43A1-9516-C3559923AD83}"
EndProject
Project("{9A19103F-16F7-4668-BE54-9A1E7A4F7556}") = "Hermes.DataAccess", "Hermes.DataAccess\Hermes.DataAccess.csproj", "{AC721432-72E5-4CB1-B865-F2D7366D3A32}"
EndProject
Project("{9A19103F-16F7-4668-BE54-9A1E7A4F7556}") = "Hermes", "Hermes\Hermes.csproj", "{2882DD45-F6B9-4148-B1B8-C698AE83710C}"
EndProject
Project("{9A19103F-16F7-4668-BE54-9A1E7A4F7556}") = "Hermes.Models", "Hermes.Models\Hermes.Models.csproj", "{036AE8F6-0720-4056-8EB4-9BC01885A7AC}"
EndProject
Global
	GlobalSection(SolutionConfigurationPlatforms) = preSolution
		Debug|Any CPU = Debug|Any CPU
		Release|Any CPU = Release|Any CPU
		ReleaseDocker|Any CPU = ReleaseDocker|Any CPU
	EndGlobalSection
	GlobalSection(ProjectConfigurationPlatforms) = postSolution
		{BC5B6D7A-B741-4916-A080-02623F21B373}.Debug|Any CPU.ActiveCfg = Debug|Any CPU
		{BC5B6D7A-B741-4916-A080-02623F21B373}.Debug|Any CPU.Build.0 = Debug|Any CPU
		{BC5B6D7A-B741-4916-A080-02623F21B373}.Release|Any CPU.ActiveCfg = Release|Any CPU
		{BC5B6D7A-B741-4916-A080-02623F21B373}.Release|Any CPU.Build.0 = Release|Any CPU
		{BC5B6D7A-B741-4916-A080-02623F21B373}.ReleaseDocker|Any CPU.ActiveCfg = RELEASEDOCKER|Any CPU
		{BC5B6D7A-B741-4916-A080-02623F21B373}.ReleaseDocker|Any CPU.Build.0 = RELEASEDOCKER|Any CPU
		{B17B173A-894F-4EF2-AE68-91C941E4EA80}.Debug|Any CPU.ActiveCfg = Debug|Any CPU
		{B17B173A-894F-4EF2-AE68-91C941E4EA80}.Debug|Any CPU.Build.0 = Debug|Any CPU
		{B17B173A-894F-4EF2-AE68-91C941E4EA80}.Release|Any CPU.ActiveCfg = Release|Any CPU
		{B17B173A-894F-4EF2-AE68-91C941E4EA80}.Release|Any CPU.Build.0 = Release|Any CPU
		{B17B173A-894F-4EF2-AE68-91C941E4EA80}.ReleaseDocker|Any CPU.ActiveCfg = RELEASEDOCKER|Any CPU
		{B17B173A-894F-4EF2-AE68-91C941E4EA80}.ReleaseDocker|Any CPU.Build.0 = RELEASEDOCKER|Any CPU
		{75525577-058B-40E0-9037-11039D19F48F}.Debug|Any CPU.ActiveCfg = Debug|Any CPU
		{75525577-058B-40E0-9037-11039D19F48F}.Debug|Any CPU.Build.0 = Debug|Any CPU
		{75525577-058B-40E0-9037-11039D19F48F}.Release|Any CPU.ActiveCfg = Release|Any CPU
		{75525577-058B-40E0-9037-11039D19F48F}.Release|Any CPU.Build.0 = Release|Any CPU
		{75525577-058B-40E0-9037-11039D19F48F}.ReleaseDocker|Any CPU.ActiveCfg = RELEASEDOCKER|Any CPU
		{75525577-058B-40E0-9037-11039D19F48F}.ReleaseDocker|Any CPU.Build.0 = RELEASEDOCKER|Any CPU
		{AC721432-72E5-4CB1-B865-F2D7366D3A32}.Debug|Any CPU.ActiveCfg = Debug|Any CPU
		{AC721432-72E5-4CB1-B865-F2D7366D3A32}.Debug|Any CPU.Build.0 = Debug|Any CPU
		{AC721432-72E5-4CB1-B865-F2D7366D3A32}.Release|Any CPU.ActiveCfg = Release|Any CPU
		{AC721432-72E5-4CB1-B865-F2D7366D3A32}.Release|Any CPU.Build.0 = Release|Any CPU
		{AC721432-72E5-4CB1-B865-F2D7366D3A32}.ReleaseDocker|Any CPU.ActiveCfg = Release|Any CPU
		{AC721432-72E5-4CB1-B865-F2D7366D3A32}.ReleaseDocker|Any CPU.Build.0 = Release|Any CPU
		{2882DD45-F6B9-4148-B1B8-C698AE83710C}.Debug|Any CPU.ActiveCfg = Debug|Any CPU
		{2882DD45-F6B9-4148-B1B8-C698AE83710C}.Debug|Any CPU.Build.0 = Debug|Any CPU
		{2882DD45-F6B9-4148-B1B8-C698AE83710C}.Release|Any CPU.ActiveCfg = Release|Any CPU
		{2882DD45-F6B9-4148-B1B8-C698AE83710C}.Release|Any CPU.Build.0 = Release|Any CPU
		{2882DD45-F6B9-4148-B1B8-C698AE83710C}.ReleaseDocker|Any CPU.ActiveCfg = Release|Any CPU
		{2882DD45-F6B9-4148-B1B8-C698AE83710C}.ReleaseDocker|Any CPU.Build.0 = Release|Any CPU
		{036AE8F6-0720-4056-8EB4-9BC01885A7AC}.Debug|Any CPU.ActiveCfg = Debug|Any CPU
		{036AE8F6-0720-4056-8EB4-9BC01885A7AC}.Debug|Any CPU.Build.0 = Debug|Any CPU
		{036AE8F6-0720-4056-8EB4-9BC01885A7AC}.Release|Any CPU.ActiveCfg = Release|Any CPU
		{036AE8F6-0720-4056-8EB4-9BC01885A7AC}.Release|Any CPU.Build.0 = Release|Any CPU
		{036AE8F6-0720-4056-8EB4-9BC01885A7AC}.ReleaseDocker|Any CPU.ActiveCfg = Release|Any CPU
		{036AE8F6-0720-4056-8EB4-9BC01885A7AC}.ReleaseDocker|Any CPU.Build.0 = Release|Any CPU
	EndGlobalSection
	GlobalSection(SolutionProperties) = preSolution
		HideSolutionNode = FALSE
	EndGlobalSection
	GlobalSection(NestedProjects) = preSolution
		{BC5B6D7A-B741-4916-A080-02623F21B373} = {42397A62-4117-410B-95EE-319E5AC14D39}
		{B17B173A-894F-4EF2-AE68-91C941E4EA80} = {42397A62-4117-410B-95EE-319E5AC14D39}
		{75525577-058B-40E0-9037-11039D19F48F} = {42397A62-4117-410B-95EE-319E5AC14D39}
		{AC721432-72E5-4CB1-B865-F2D7366D3A32} = {55D1C344-5C24-43A1-9516-C3559923AD83}
		{2882DD45-F6B9-4148-B1B8-C698AE83710C} = {81E4C2F5-A1FA-42D5-9BEA-04E04B0BD426}
		{036AE8F6-0720-4056-8EB4-9BC01885A7AC} = {55D1C344-5C24-43A1-9516-C3559923AD83}
	EndGlobalSection
	GlobalSection(ExtensibilityGlobals) = postSolution
		SolutionGuid = {5F3F27F6-E534-4A38-804F-E3838842B476}
	EndGlobalSection
EndGlobal
